
Microsoft Visual Studio Solution File, Format Version 12.00
# Visual Studio Version 17
VisualStudioVersion = 17.3.32929.385
MinimumVisualStudioVersion = 10.0.40219.1
Project("{FAE04EC0-301F-11D3-BF4B-00C04F79EFBC}") = "Obtener el valor mas grande de un Arreglo", "Obtener el valor mas grande de un Arreglo\Obtener el valor mas grande de un Arreglo.csproj", "{5A42FAA5-AEF4-4B07-B313-182ED2E11230}"
EndProject
Global
	GlobalSection(SolutionConfigurationPlatforms) = preSolution
		Debug|Any CPU = Debug|Any CPU
		Release|Any CPU = Release|Any CPU
	EndGlobalSection
	GlobalSection(ProjectConfigurationPlatforms) = postSolution
		{5A42FAA5-AEF4-4B07-B313-182ED2E11230}.Debug|Any CPU.ActiveCfg = Debug|Any CPU
		{5A42FAA5-AEF4-4B07-B313-182ED2E11230}.Debug|Any CPU.Build.0 = Debug|Any CPU
		{5A42FAA5-AEF4-4B07-B313-182ED2E11230}.Release|Any CPU.ActiveCfg = Release|Any CPU
		{5A42FAA5-AEF4-4B07-B313-182ED2E11230}.Release|Any CPU.Build.0 = Release|Any CPU
	EndGlobalSection
	GlobalSection(SolutionProperties) = preSolution
		HideSolutionNode = FALSE
	EndGlobalSection
	GlobalSection(ExtensibilityGlobals) = postSolution
		SolutionGuid = {10DAF2CB-92F3-477E-9919-280E8905D720}
	EndGlobalSection
EndGlobal
